
Microsoft Visual Studio Solution File, Format Version 12.00
# Visual Studio Version 16
VisualStudioVersion = 16.0.30204.135
MinimumVisualStudioVersion = 10.0.40219.1
Project("{FAE04EC0-301F-11D3-BF4B-00C04F79EFBC}") = "GangOfFour", "GangOfFour\GangOfFour.csproj", "{FF317361-3934-4CBA-8F00-A5AF68F7F90F}"
EndProject
Global
	GlobalSection(SolutionConfigurationPlatforms) = preSolution
		Debug|Any CPU = Debug|Any CPU
		Release|Any CPU = Release|Any CPU
	EndGlobalSection
	GlobalSection(ProjectConfigurationPlatforms) = postSolution
		{FF317361-3934-4CBA-8F00-A5AF68F7F90F}.Debug|Any CPU.ActiveCfg = Debug|Any CPU
		{FF317361-3934-4CBA-8F00-A5AF68F7F90F}.Debug|Any CPU.Build.0 = Debug|Any CPU
		{FF317361-3934-4CBA-8F00-A5AF68F7F90F}.Release|Any CPU.ActiveCfg = Release|Any CPU
		{FF317361-3934-4CBA-8F00-A5AF68F7F90F}.Release|Any CPU.Build.0 = Release|Any CPU
	EndGlobalSection
	GlobalSection(SolutionProperties) = preSolution
		HideSolutionNode = FALSE
	EndGlobalSection
	GlobalSection(ExtensibilityGlobals) = postSolution
		SolutionGuid = {2D5DD637-E522-4094-9D84-6A95B0E2BDC4}
	EndGlobalSection
EndGlobal
